
Microsoft Visual Studio Solution File, Format Version 12.00
# Visual Studio Version 17
VisualStudioVersion = 17.5.33516.290
MinimumVisualStudioVersion = 10.0.40219.1
Project("{FAE04EC0-301F-11D3-BF4B-00C04F79EFBC}") = "Practical3", "Practical3.csproj", "{7ECE7167-8A27-4425-8A7F-5BCA1C3BAE3B}"
EndProject
Global
	GlobalSection(SolutionConfigurationPlatforms) = preSolution
		Debug|Any CPU = Debug|Any CPU
		Release|Any CPU = Release|Any CPU
	EndGlobalSection
	GlobalSection(ProjectConfigurationPlatforms) = postSolution
		{7ECE7167-8A27-4425-8A7F-5BCA1C3BAE3B}.Debug|Any CPU.ActiveCfg = Debug|Any CPU
		{7ECE7167-8A27-4425-8A7F-5BCA1C3BAE3B}.Debug|Any CPU.Build.0 = Debug|Any CPU
		{7ECE7167-8A27-4425-8A7F-5BCA1C3BAE3B}.Release|Any CPU.ActiveCfg = Release|Any CPU
		{7ECE7167-8A27-4425-8A7F-5BCA1C3BAE3B}.Release|Any CPU.Build.0 = Release|Any CPU
	EndGlobalSection
	GlobalSection(SolutionProperties) = preSolution
		HideSolutionNode = FALSE
	EndGlobalSection
	GlobalSection(ExtensibilityGlobals) = postSolution
		SolutionGuid = {6DA0B2C8-24B0-42DA-B4AA-198A62C57DF9}
	EndGlobalSection
EndGlobal
